// !$*UTF8*$!
{
	archiveVersion = 1;
	classes = {
	};
	objectVersion = 46;
	objects = {

/* Begin PBXBuildFile section */
		AC67C8841EC598F00081E15A /* main.m in Sources */ = {isa = PBXBuildFile; fileRef = AC67C8831EC598F00081E15A /* main.m */; };
		AC67C8871EC598F00081E15A /* AppDelegate.m in Sources */ = {isa = PBXBuildFile; fileRef = AC67C8861EC598F00081E15A /* AppDelegate.m */; };
		AC67C88A1EC598F00081E15A /* ViewController.m in Sources */ = {isa = PBXBuildFile; fileRef = AC67C8891EC598F00081E15A /* ViewController.m */; };
		AC67C88D1EC598F00081E15A /* Main.storyboard in Resources */ = {isa = PBXBuildFile; fileRef = AC67C88B1EC598F00081E15A /* Main.storyboard */; };
		AC67C88F1EC598F00081E15A /* Assets.xcassets in Resources */ = {isa = PBXBuildFile; fileRef = AC67C88E1EC598F00081E15A /* Assets.xcassets */; };
		AC67C8921EC598F00081E15A /* LaunchScreen.storyboard in Resources */ = {isa = PBXBuildFile; fileRef = AC67C8901EC598F00081E15A /* LaunchScreen.storyboard */; };
		AC67C89F1EC777150081E15A /* LYCopyLabel.m in Sources */ = {isa = PBXBuildFile; fileRef = AC67C89E1EC777150081E15A /* LYCopyLabel.m */; };
		AC7754351EC995D800777BE2 /* LYActionLabel.m in Sources */ = {isa = PBXBuildFile; fileRef = AC7754341EC995D800777BE2 /* LYActionLabel.m */; };
		AC7754381EC9C58000777BE2 /* LYCopyLabel.bundle in Resources */ = {isa = PBXBuildFile; fileRef = AC7754371EC9C57F00777BE2 /* LYCopyLabel.bundle */; };
		AC77543D1EC9CF7200777BE2 /* Localizable.strings in Resources */ = {isa = PBXBuildFile; fileRef = AC77543F1EC9CF7200777BE2 /* Localizable.strings */; };
		AC7754441EC9D97100777BE2 /* LYCopyLabel.podspec in Resources */ = {isa = PBXBuildFile; fileRef = AC7754431EC9D97100777BE2 /* LYCopyLabel.podspec */; };
/* End PBXBuildFile section */

/* Begin PBXFileReference section */
		AC67C87F1EC598F00081E15A /* CopyLabel.app */ = {isa = PBXFileReference; explicitFileType = wrapper.application; includeInIndex = 0; path = CopyLabel.app; sourceTree = BUILT_PRODUCTS_DIR; };
		AC67C8831EC598F00081E15A /* main.m */ = {isa = PBXFileReference; lastKnownFileType = sourcecode.c.objc; path = main.m; sourceTree = "<group>"; };
		AC67C8851EC598F00081E15A /* AppDelegate.h */ = {isa = PBXFileReference; lastKnownFileType = sourcecode.c.h; path = AppDelegate.h; sourceTree = "<group>"; };
		AC67C8861EC598F00081E15A /* AppDelegate.m */ = {isa = PBXFileReference; lastKnownFileType = sourcecode.c.objc; path = AppDelegate.m; sourceTree = "<group>"; };
		AC67C8881EC598F00081E15A /* ViewController.h */ = {isa = PBXFileReference; lastKnownFileType = sourcecode.c.h; path = ViewController.h; sourceTree = "<group>"; };
		AC67C8891EC598F00081E15A /* ViewController.m */ = {isa = PBXFileReference; lastKnownFileType = sourcecode.c.objc; path = ViewController.m; sourceTree = "<group>"; };
		AC67C88C1EC598F00081E15A /* Base */ = {isa = PBXFileReference; lastKnownFileType = file.storyboard; name = Base; path = Base.lproj/Main.storyboard; sourceTree = "<group>"; };
		AC67C88E1EC598F00081E15A /* Assets.xcassets */ = {isa = PBXFileReference; lastKnownFileType = folder.assetcatalog; path = Assets.xcassets; sourceTree = "<group>"; };
		AC67C8911EC598F00081E15A /* Base */ = {isa = PBXFileReference; lastKnownFileType = file.storyboard; name = Base; path = Base.lproj/LaunchScreen.storyboard; sourceTree = "<group>"; };
		AC67C8931EC598F00081E15A /* Info.plist */ = {isa = PBXFileReference; lastKnownFileType = text.plist.xml; path = Info.plist; sourceTree = "<group>"; };
		AC67C89D1EC777150081E15A /* LYCopyLabel.h */ = {isa = PBXFileReference; fileEncoding = 4; lastKnownFileType = sourcecode.c.h; path = LYCopyLabel.h; sourceTree = "<group>"; };
		AC67C89E1EC777150081E15A /* LYCopyLabel.m */ = {isa = PBXFileReference; fileEncoding = 4; lastKnownFileType = sourcecode.c.objc; path = LYCopyLabel.m; sourceTree = "<group>"; };
		AC7754331EC995D800777BE2 /* LYActionLabel.h */ = {isa = PBXFileReference; fileEncoding = 4; lastKnownFileType = sourcecode.c.h; path = LYActionLabel.h; sourceTree = "<group>"; };
		AC7754341EC995D800777BE2 /* LYActionLabel.m */ = {isa = PBXFileReference; fileEncoding = 4; lastKnownFileType = sourcecode.c.objc; path = LYActionLabel.m; sourceTree = "<group>"; };
		AC7754371EC9C57F00777BE2 /* LYCopyLabel.bundle */ = {isa = PBXFileReference; lastKnownFileType = "wrapper.plug-in"; path = LYCopyLabel.bundle; sourceTree = "<group>"; };
		AC7754391EC9CE1F00777BE2 /* zh-Hans */ = {isa = PBXFileReference; lastKnownFileType = text.plist.strings; name = "zh-Hans"; path = "zh-Hans.lproj/Main.strings"; sourceTree = "<group>"; };
		AC77543A1EC9CE1F00777BE2 /* zh-Hans */ = {isa = PBXFileReference; lastKnownFileType = text.plist.strings; name = "zh-Hans"; path = "zh-Hans.lproj/LaunchScreen.strings"; sourceTree = "<group>"; };
		AC77543E1EC9CF7200777BE2 /* zh-Hans */ = {isa = PBXFileReference; lastKnownFileType = text.plist.strings; name = "zh-Hans"; path = "zh-Hans.lproj/Localizable.strings"; sourceTree = "<group>"; };
		AC7754401EC9CF7700777BE2 /* en */ = {isa = PBXFileReference; lastKnownFileType = text.plist.strings; name = en; path = en.lproj/Localizable.strings; sourceTree = "<group>"; };
		AC7754431EC9D97100777BE2 /* LYCopyLabel.podspec */ = {isa = PBXFileReference; fileEncoding = 4; lastKnownFileType = text; name = LYCopyLabel.podspec; path = ../LYCopyLabel.podspec; sourceTree = "<group>"; };
/* End PBXFileReference section */

/* Begin PBXFrameworksBuildPhase section */
		AC67C87C1EC598F00081E15A /* Frameworks */ = {
			isa = PBXFrameworksBuildPhase;
			buildActionMask = 2147483647;
			files = (
			);
			runOnlyForDeploymentPostprocessing = 0;
		};
/* End PBXFrameworksBuildPhase section */

/* Begin PBXGroup section */
		AC67C8761EC598F00081E15A = {
			isa = PBXGroup;
			children = (
				AC67C8811EC598F00081E15A /* CopyLabel */,
				AC67C8801EC598F00081E15A /* Products */,
			);
			sourceTree = "<group>";
		};
		AC67C8801EC598F00081E15A /* Products */ = {
			isa = PBXGroup;
			children = (
				AC67C87F1EC598F00081E15A /* CopyLabel.app */,
			);
			name = Products;
			sourceTree = "<group>";
		};
		AC67C8811EC598F00081E15A /* CopyLabel */ = {
			isa = PBXGroup;
			children = (
				AC67C89C1EC777150081E15A /* LYCopyLabel */,
				AC67C8851EC598F00081E15A /* AppDelegate.h */,
				AC67C8861EC598F00081E15A /* AppDelegate.m */,
				AC67C8881EC598F00081E15A /* ViewController.h */,
				AC67C8891EC598F00081E15A /* ViewController.m */,
				AC77543F1EC9CF7200777BE2 /* Localizable.strings */,
				AC67C88B1EC598F00081E15A /* Main.storyboard */,
				AC67C88E1EC598F00081E15A /* Assets.xcassets */,
				AC67C8901EC598F00081E15A /* LaunchScreen.storyboard */,
				AC67C8931EC598F00081E15A /* Info.plist */,
				AC7754431EC9D97100777BE2 /* LYCopyLabel.podspec */,
				AC67C8821EC598F00081E15A /* Supporting Files */,
			);
			path = CopyLabel;
			sourceTree = "<group>";
		};
		AC67C8821EC598F00081E15A /* Supporting Files */ = {
			isa = PBXGroup;
			children = (
				AC67C8831EC598F00081E15A /* main.m */,
			);
			name = "Supporting Files";
			sourceTree = "<group>";
		};
		AC67C89C1EC777150081E15A /* LYCopyLabel */ = {
			isa = PBXGroup;
			children = (
				AC67C89D1EC777150081E15A /* LYCopyLabel.h */,
				AC67C89E1EC777150081E15A /* LYCopyLabel.m */,
				AC7754331EC995D800777BE2 /* LYActionLabel.h */,
				AC7754341EC995D800777BE2 /* LYActionLabel.m */,
				AC7754371EC9C57F00777BE2 /* LYCopyLabel.bundle */,
			);
			path = LYCopyLabel;
			sourceTree = "<group>";
		};
/* End PBXGroup section */

/* Begin PBXNativeTarget section */
		AC67C87E1EC598F00081E15A /* CopyLabel */ = {
			isa = PBXNativeTarget;
			buildConfigurationList = AC67C8961EC598F00081E15A /* Build configuration list for PBXNativeTarget "CopyLabel" */;
			buildPhases = (
				AC67C87B1EC598F00081E15A /* Sources */,
				AC67C87C1EC598F00081E15A /* Frameworks */,
				AC67C87D1EC598F00081E15A /* Resources */,
			);
			buildRules = (
			);
			dependencies = (
			);
			name = CopyLabel;
			productName = CopyLabel;
			productReference = AC67C87F1EC598F00081E15A /* CopyLabel.app */;
			productType = "com.apple.product-type.application";
		};
/* End PBXNativeTarget section */

/* Begin PBXProject section */
		AC67C8771EC598F00081E15A /* Project object */ = {
			isa = PBXProject;
			attributes = {
				LastUpgradeCheck = 0830;
				ORGANIZATIONNAME = liuyang625;
				TargetAttributes = {
					AC67C87E1EC598F00081E15A = {
						CreatedOnToolsVersion = 8.3;
						ProvisioningStyle = Automatic;
					};
				};
			};
			buildConfigurationList = AC67C87A1EC598F00081E15A /* Build configuration list for PBXProject "CopyLabel" */;
			compatibilityVersion = "Xcode 3.2";
			developmentRegion = English;
			hasScannedForEncodings = 0;
			knownRegions = (
				en,
				Base,
			);
			mainGroup = AC67C8761EC598F00081E15A;
			productRefGroup = AC67C8801EC598F00081E15A /* Products */;
			projectDirPath = "";
			projectRoot = "";
			targets = (
				AC67C87E1EC598F00081E15A /* CopyLabel */,
			);
		};
/* End PBXProject section */

/* Begin PBXResourcesBuildPhase section */
		AC67C87D1EC598F00081E15A /* Resources */ = {
			isa = PBXResourcesBuildPhase;
			buildActionMask = 2147483647;
			files = (
				AC77543D1EC9CF7200777BE2 /* Localizable.strings in Resources */,
				AC67C8921EC598F00081E15A /* LaunchScreen.storyboard in Resources */,
				AC67C88F1EC598F00081E15A /* Assets.xcassets in Resources */,
				AC7754441EC9D97100777BE2 /* LYCopyLabel.podspec in Resources */,
				AC7754381EC9C58000777BE2 /* LYCopyLabel.bundle in Resources */,
				AC67C88D1EC598F00081E15A /* Main.storyboard in Resources */,
			);
			runOnlyForDeploymentPostprocessing = 0;
		};
/* End PBXResourcesBuildPhase section */

/* Begin PBXSourcesBuildPhase section */
		AC67C87B1EC598F00081E15A /* Sources */ = {
			isa = PBXSourcesBuildPhase;
			buildActionMask = 2147483647;
			files = (
				AC67C89F1EC777150081E15A /* LYCopyLabel.m in Sources */,
				AC67C88A1EC598F00081E15A /* ViewController.m in Sources */,
				AC67C8871EC598F00081E15A /* AppDelegate.m in Sources */,
				AC7754351EC995D800777BE2 /* LYActionLabel.m in Sources */,
				AC67C8841EC598F00081E15A /* main.m in Sources */,
			);
			runOnlyForDeploymentPostprocessing = 0;
		};
/* End PBXSourcesBuildPhase section */

/* Begin PBXVariantGroup section */
		AC67C88B1EC598F00081E15A /* Main.storyboard */ = {
			isa = PBXVariantGroup;
			children = (
				AC67C88C1EC598F00081E15A /* Base */,
				AC7754391EC9CE1F00777BE2 /* zh-Hans */,
			);
			name = Main.storyboard;
			sourceTree = "<group>";
		};
		AC67C8901EC598F00081E15A /* LaunchScreen.storyboard */ = {
			isa = PBXVariantGroup;
			children = (
				AC67C8911EC598F00081E15A /* Base */,
				AC77543A1EC9CE1F00777BE2 /* zh-Hans */,
			);
			name = LaunchScreen.storyboard;
			sourceTree = "<group>";
		};
		AC77543F1EC9CF7200777BE2 /* Localizable.strings */ = {
			isa = PBXVariantGroup;
			children = (
				AC77543E1EC9CF7200777BE2 /* zh-Hans */,
				AC7754401EC9CF7700777BE2 /* en */,
			);
			name = Localizable.strings;
			sourceTree = "<group>";
		};
/* End PBXVariantGroup section */

/* Begin XCBuildConfiguration section */
		AC67C8941EC598F00081E15A /* Debug */ = {
			isa = XCBuildConfiguration;
			buildSettings = {
				ALWAYS_SEARCH_USER_PATHS = NO;
				CLANG_ANALYZER_LOCALIZABILITY_NONLOCALIZED = YES;
				CLANG_ANALYZER_NONNULL = YES;
				CLANG_ANALYZER_NUMBER_OBJECT_CONVERSION = YES_AGGRESSIVE;
				CLANG_CXX_LANGUAGE_STANDARD = "gnu++0x";
				CLANG_CXX_LIBRARY = "libc++";
				CLANG_ENABLE_MODULES = YES;
				CLANG_ENABLE_OBJC_ARC = YES;
				CLANG_WARN_BOOL_CONVERSION = YES;
				CLANG_WARN_CONSTANT_CONVERSION = YES;
				CLANG_WARN_DIRECT_OBJC_ISA_USAGE = YES_ERROR;
				CLANG_WARN_DOCUMENTATION_COMMENTS = YES;
				CLANG_WARN_EMPTY_BODY = YES;
				CLANG_WARN_ENUM_CONVERSION = YES;
				CLANG_WARN_INFINITE_RECURSION = YES;
				CLANG_WARN_INT_CONVERSION = YES;
				CLANG_WARN_OBJC_ROOT_CLASS = YES_ERROR;
				CLANG_WARN_SUSPICIOUS_MOVE = YES;
				CLANG_WARN_UNREACHABLE_CODE = YES;
				CLANG_WARN__DUPLICATE_METHOD_MATCH = YES;
				"CODE_SIGN_IDENTITY[sdk=iphoneos*]" = "iPhone Developer";
				COPY_PHASE_STRIP = NO;
				DEBUG_INFORMATION_FORMAT = dwarf;
				ENABLE_STRICT_OBJC_MSGSEND = YES;
				ENABLE_TESTABILITY = YES;
				GCC_C_LANGUAGE_STANDARD = gnu99;
				GCC_DYNAMIC_NO_PIC = NO;
				GCC_NO_COMMON_BLOCKS = YES;
				GCC_OPTIMIZATION_LEVEL = 0;
				GCC_PREPROCESSOR_DEFINITIONS = (
					"DEBUG=1",
					"$(inherited)",
				);
				GCC_WARN_64_TO_32_BIT_CONVERSION = YES;
				GCC_WARN_ABOUT_RETURN_TYPE = YES_ERROR;
				GCC_WARN_UNDECLARED_SELECTOR = YES;
				GCC_WARN_UNINITIALIZED_AUTOS = YES_AGGRESSIVE;
				GCC_WARN_UNUSED_FUNCTION = YES;
				GCC_WARN_UNUSED_VARIABLE = YES;
				IPHONEOS_DEPLOYMENT_TARGET = 10.3;
				MTL_ENABLE_DEBUG_INFO = YES;
				ONLY_ACTIVE_ARCH = YES;
				SDKROOT = iphoneos;
				TARGETED_DEVICE_FAMILY = "1,2";
			};
			name = Debug;
		};
		AC67C8951EC598F00081E15A /* Release */ = {
			isa = XCBuildConfiguration;
			buildSettings = {
				ALWAYS_SEARCH_USER_PATHS = NO;
				CLANG_ANALYZER_LOCALIZABILITY_NONLOCALIZED = YES;
				CLANG_ANALYZER_NONNULL = YES;
				CLANG_ANALYZER_NUMBER_OBJECT_CONVERSION = YES_AGGRESSIVE;
				CLANG_CXX_LANGUAGE_STANDARD = "gnu++0x";
				CLANG_CXX_LIBRARY = "libc++";
				CLANG_ENABLE_MODULES = YES;
				CLANG_ENABLE_OBJC_ARC = YES;
				CLANG_WARN_BOOL_CONVERSION = YES;
				CLANG_WARN_CONSTANT_CONVERSION = YES;
				CLANG_WARN_DIRECT_OBJC_ISA_USAGE = YES_ERROR;
				CLANG_WARN_DOCUMENTATION_COMMENTS = YES;
				CLANG_WARN_EMPTY_BODY = YES;
				CLANG_WARN_ENUM_CONVERSION = YES;
				CLANG_WARN_INFINITE_RECURSION = YES;
				CLANG_WARN_INT_CONVERSION = YES;
				CLANG_WARN_OBJC_ROOT_CLASS = YES_ERROR;
				CLANG_WARN_SUSPICIOUS_MOVE = YES;
				CLANG_WARN_UNREACHABLE_CODE = YES;
				CLANG_WARN__DUPLICATE_METHOD_MATCH = YES;
				"CODE_SIGN_IDENTITY[sdk=iphoneos*]" = "iPhone Developer";
				COPY_PHASE_STRIP = NO;
				DEBUG_INFORMATION_FORMAT = "dwarf-with-dsym";
				ENABLE_NS_ASSERTIONS = NO;
				ENABLE_STRICT_OBJC_MSGSEND = YES;
				GCC_C_LANGUAGE_STANDARD = gnu99;
				GCC_NO_COMMON_BLOCKS = YES;
				GCC_WARN_64_TO_32_BIT_CONVERSION = YES;
				GCC_WARN_ABOUT_RETURN_TYPE = YES_ERROR;
				GCC_WARN_UNDECLARED_SELECTOR = YES;
				GCC_WARN_UNINITIALIZED_AUTOS = YES_AGGRESSIVE;
				GCC_WARN_UNUSED_FUNCTION = YES;
				GCC_WARN_UNUSED_VARIABLE = YES;
				IPHONEOS_DEPLOYMENT_TARGET = 10.3;
				MTL_ENABLE_DEBUG_INFO = NO;
				SDKROOT = iphoneos;
				TARGETED_DEVICE_FAMILY = "1,2";
				VALIDATE_PRODUCT = YES;
			};
			name = Release;
		};
		AC67C8971EC598F00081E15A /* Debug */ = {
			isa = XCBuildConfiguration;
			buildSettings = {
				ASSETCATALOG_COMPILER_APPICON_NAME = AppIcon;
				INFOPLIST_FILE = CopyLabel/Info.plist;
				LD_RUNPATH_SEARCH_PATHS = "$(inherited) @executable_path/Frameworks";
				PRODUCT_BUNDLE_IDENTIFIER = liuyang625.CopyLabel;
				PRODUCT_NAME = "$(TARGET_NAME)";
			};
			name = Debug;
		};
		AC67C8981EC598F00081E15A /* Release */ = {
			isa = XCBuildConfiguration;
			buildSettings = {
				ASSETCATALOG_COMPILER_APPICON_NAME = AppIcon;
				INFOPLIST_FILE = CopyLabel/Info.plist;
				LD_RUNPATH_SEARCH_PATHS = "$(inherited) @executable_path/Frameworks";
				PRODUCT_BUNDLE_IDENTIFIER = liuyang625.CopyLabel;
				PRODUCT_NAME = "$(TARGET_NAME)";
			};
			name = Release;
		};
/* End XCBuildConfiguration section */

/* Begin XCConfigurationList section */
		AC67C87A1EC598F00081E15A /* Build configuration list for PBXProject "CopyLabel" */ = {
			isa = XCConfigurationList;
			buildConfigurations = (
				AC67C8941EC598F00081E15A /* Debug */,
				AC67C8951EC598F00081E15A /* Release */,
			);
			defaultConfigurationIsVisible = 0;
			defaultConfigurationName = Release;
		};
		AC67C8961EC598F00081E15A /* Build configuration list for PBXNativeTarget "CopyLabel" */ = {
			isa = XCConfigurationList;
			buildConfigurations = (
				AC67C8971EC598F00081E15A /* Debug */,
				AC67C8981EC598F00081E15A /* Release */,
			);
			defaultConfigurationIsVisible = 0;
			defaultConfigurationName = Release;
		};
/* End XCConfigurationList section */
	};
	rootObject = AC67C8771EC598F00081E15A /* Project object */;
}
